
Microsoft Visual Studio Solution File, Format Version 12.00
# Visual Studio Version 16
VisualStudioVersion = 16.0.29230.47
MinimumVisualStudioVersion = 10.0.40219.1
Project("{FAE04EC0-301F-11D3-BF4B-00C04F79EFBC}") = "ImageSharingWithUpload", "ImageSharingWithUpload\ImageSharingWithUpload.csproj", "{EDD369DA-0DB9-4C51-B605-CD1CC6817232}"
EndProject
Global
	GlobalSection(SolutionConfigurationPlatforms) = preSolution
		Debug|Any CPU = Debug|Any CPU
		Release|Any CPU = Release|Any CPU
	EndGlobalSection
	GlobalSection(ProjectConfigurationPlatforms) = postSolution
		{EDD369DA-0DB9-4C51-B605-CD1CC6817232}.Debug|Any CPU.ActiveCfg = Debug|Any CPU
		{EDD369DA-0DB9-4C51-B605-CD1CC6817232}.Debug|Any CPU.Build.0 = Debug|Any CPU
		{EDD369DA-0DB9-4C51-B605-CD1CC6817232}.Release|Any CPU.ActiveCfg = Release|Any CPU
		{EDD369DA-0DB9-4C51-B605-CD1CC6817232}.Release|Any CPU.Build.0 = Release|Any CPU
	EndGlobalSection
	GlobalSection(SolutionProperties) = preSolution
		HideSolutionNode = FALSE
	EndGlobalSection
	GlobalSection(ExtensibilityGlobals) = postSolution
		SolutionGuid = {7FA4255E-D71D-4883-A820-18865E63FE9B}
	EndGlobalSection
EndGlobal
